// !$*UTF8*$!
{
	archiveVersion = 1;
	classes = {
	};
	objectVersion = 46;
	objects = {

/* Begin PBXBuildFile section */
		CCF412191947383000C5428B /* AppDelegate.swift in Sources */ = {isa = PBXBuildFile; fileRef = CCF412181947383000C5428B /* AppDelegate.swift */; };
		CCF4121B1947383000C5428B /* ViewController.swift in Sources */ = {isa = PBXBuildFile; fileRef = CCF4121A1947383000C5428B /* ViewController.swift */; };
		CCF4121E1947383000C5428B /* Main.storyboard in Resources */ = {isa = PBXBuildFile; fileRef = CCF4121C1947383000C5428B /* Main.storyboard */; };
		CCF412201947383000C5428B /* Images.xcassets in Resources */ = {isa = PBXBuildFile; fileRef = CCF4121F1947383000C5428B /* Images.xcassets */; };
		CCF4122C1947383000C5428B /* ZawgyiTests.swift in Sources */ = {isa = PBXBuildFile; fileRef = CCF4122B1947383000C5428B /* ZawgyiTests.swift */; };
		CCF4123F1947383B00C5428B /* ActionRequestHandler.m in Sources */ = {isa = PBXBuildFile; fileRef = CCF4123E1947383B00C5428B /* ActionRequestHandler.m */; };
		CCF412411947383B00C5428B /* Action.js in Resources */ = {isa = PBXBuildFile; fileRef = CCF412401947383B00C5428B /* Action.js */; };
		CCF412441947383B00C5428B /* com.nex.Zawgyi.Converter.appex in Embed App Extensions */ = {isa = PBXBuildFile; fileRef = CCF412391947383B00C5428B /* com.nex.Zawgyi.Converter.appex */; };
/* End PBXBuildFile section */

/* Begin PBXContainerItemProxy section */
		CCF412261947383000C5428B /* PBXContainerItemProxy */ = {
			isa = PBXContainerItemProxy;
			containerPortal = CCF4120B1947382F00C5428B /* Project object */;
			proxyType = 1;
			remoteGlobalIDString = CCF412121947383000C5428B;
			remoteInfo = Zawgyi;
		};
		CCF412421947383B00C5428B /* PBXContainerItemProxy */ = {
			isa = PBXContainerItemProxy;
			containerPortal = CCF4120B1947382F00C5428B /* Project object */;
			proxyType = 1;
			remoteGlobalIDString = CCF412381947383B00C5428B;
			remoteInfo = Converter;
		};
		CCF412451947383B00C5428B /* PBXContainerItemProxy */ = {
			isa = PBXContainerItemProxy;
			containerPortal = CCF4120B1947382F00C5428B /* Project object */;
			proxyType = 1;
			remoteGlobalIDString = CCF412381947383B00C5428B;
			remoteInfo = Converter;
		};
/* End PBXContainerItemProxy section */

/* Begin PBXCopyFilesBuildPhase section */
		CCF4124A1947383B00C5428B /* Embed App Extensions */ = {
			isa = PBXCopyFilesBuildPhase;
			buildActionMask = 2147483647;
			dstPath = "";
			dstSubfolderSpec = 13;
			files = (
				CCF412441947383B00C5428B /* com.nex.Zawgyi.Converter.appex in Embed App Extensions */,
			);
			name = "Embed App Extensions";
			runOnlyForDeploymentPostprocessing = 0;
		};
/* End PBXCopyFilesBuildPhase section */

/* Begin PBXFileReference section */
		CCF412131947383000C5428B /* Zawgyi.app */ = {isa = PBXFileReference; explicitFileType = wrapper.application; includeInIndex = 0; path = Zawgyi.app; sourceTree = BUILT_PRODUCTS_DIR; };
		CCF412171947383000C5428B /* Info.plist */ = {isa = PBXFileReference; lastKnownFileType = text.plist.xml; path = Info.plist; sourceTree = "<group>"; };
		CCF412181947383000C5428B /* AppDelegate.swift */ = {isa = PBXFileReference; lastKnownFileType = sourcecode.swift; path = AppDelegate.swift; sourceTree = "<group>"; };
		CCF4121A1947383000C5428B /* ViewController.swift */ = {isa = PBXFileReference; lastKnownFileType = sourcecode.swift; path = ViewController.swift; sourceTree = "<group>"; };
		CCF4121D1947383000C5428B /* Base */ = {isa = PBXFileReference; lastKnownFileType = file.storyboard; name = Base; path = Base.lproj/Main.storyboard; sourceTree = "<group>"; };
		CCF4121F1947383000C5428B /* Images.xcassets */ = {isa = PBXFileReference; lastKnownFileType = folder.assetcatalog; path = Images.xcassets; sourceTree = "<group>"; };
		CCF412251947383000C5428B /* ZawgyiTests.xctest */ = {isa = PBXFileReference; explicitFileType = wrapper.cfbundle; includeInIndex = 0; path = ZawgyiTests.xctest; sourceTree = BUILT_PRODUCTS_DIR; };
		CCF4122A1947383000C5428B /* Info.plist */ = {isa = PBXFileReference; lastKnownFileType = text.plist.xml; path = Info.plist; sourceTree = "<group>"; };
		CCF4122B1947383000C5428B /* ZawgyiTests.swift */ = {isa = PBXFileReference; lastKnownFileType = sourcecode.swift; path = ZawgyiTests.swift; sourceTree = "<group>"; };
		CCF412391947383B00C5428B /* com.nex.Zawgyi.Converter.appex */ = {isa = PBXFileReference; explicitFileType = "wrapper.app-extension"; includeInIndex = 0; path = com.nex.Zawgyi.Converter.appex; sourceTree = BUILT_PRODUCTS_DIR; };
		CCF4123C1947383B00C5428B /* Info.plist */ = {isa = PBXFileReference; lastKnownFileType = text.plist.xml; path = Info.plist; sourceTree = "<group>"; };
		CCF4123D1947383B00C5428B /* ActionRequestHandler.h */ = {isa = PBXFileReference; lastKnownFileType = sourcecode.c.h; path = ActionRequestHandler.h; sourceTree = "<group>"; };
		CCF4123E1947383B00C5428B /* ActionRequestHandler.m */ = {isa = PBXFileReference; lastKnownFileType = sourcecode.c.objc; path = ActionRequestHandler.m; sourceTree = "<group>"; };
		CCF412401947383B00C5428B /* Action.js */ = {isa = PBXFileReference; lastKnownFileType = sourcecode.javascript; path = Action.js; sourceTree = "<group>"; };
/* End PBXFileReference section */

/* Begin PBXFrameworksBuildPhase section */
		CCF412101947383000C5428B /* Frameworks */ = {
			isa = PBXFrameworksBuildPhase;
			buildActionMask = 2147483647;
			files = (
			);
			runOnlyForDeploymentPostprocessing = 0;
		};
		CCF412221947383000C5428B /* Frameworks */ = {
			isa = PBXFrameworksBuildPhase;
			buildActionMask = 2147483647;
			files = (
			);
			runOnlyForDeploymentPostprocessing = 0;
		};
		CCF412361947383B00C5428B /* Frameworks */ = {
			isa = PBXFrameworksBuildPhase;
			buildActionMask = 2147483647;
			files = (
			);
			runOnlyForDeploymentPostprocessing = 0;
		};
/* End PBXFrameworksBuildPhase section */

/* Begin PBXGroup section */
		CCF4120A1947382F00C5428B = {
			isa = PBXGroup;
			children = (
				CCF412151947383000C5428B /* Zawgyi */,
				CCF412281947383000C5428B /* ZawgyiTests */,
				CCF4123A1947383B00C5428B /* Converter */,
				CCF412141947383000C5428B /* Products */,
			);
			sourceTree = "<group>";
		};
		CCF412141947383000C5428B /* Products */ = {
			isa = PBXGroup;
			children = (
				CCF412131947383000C5428B /* Zawgyi.app */,
				CCF412251947383000C5428B /* ZawgyiTests.xctest */,
				CCF412391947383B00C5428B /* com.nex.Zawgyi.Converter.appex */,
			);
			name = Products;
			sourceTree = "<group>";
		};
		CCF412151947383000C5428B /* Zawgyi */ = {
			isa = PBXGroup;
			children = (
				CCF412181947383000C5428B /* AppDelegate.swift */,
				CCF4121A1947383000C5428B /* ViewController.swift */,
				CCF4121C1947383000C5428B /* Main.storyboard */,
				CCF4121F1947383000C5428B /* Images.xcassets */,
				CCF412161947383000C5428B /* Supporting Files */,
			);
			path = Zawgyi;
			sourceTree = "<group>";
		};
		CCF412161947383000C5428B /* Supporting Files */ = {
			isa = PBXGroup;
			children = (
				CCF412171947383000C5428B /* Info.plist */,
			);
			name = "Supporting Files";
			sourceTree = "<group>";
		};
		CCF412281947383000C5428B /* ZawgyiTests */ = {
			isa = PBXGroup;
			children = (
				CCF4122B1947383000C5428B /* ZawgyiTests.swift */,
				CCF412291947383000C5428B /* Supporting Files */,
			);
			path = ZawgyiTests;
			sourceTree = "<group>";
		};
		CCF412291947383000C5428B /* Supporting Files */ = {
			isa = PBXGroup;
			children = (
				CCF4122A1947383000C5428B /* Info.plist */,
			);
			name = "Supporting Files";
			sourceTree = "<group>";
		};
		CCF4123A1947383B00C5428B /* Converter */ = {
			isa = PBXGroup;
			children = (
				CCF4123D1947383B00C5428B /* ActionRequestHandler.h */,
				CCF4123E1947383B00C5428B /* ActionRequestHandler.m */,
				CCF412401947383B00C5428B /* Action.js */,
				CCF4123B1947383B00C5428B /* Supporting Files */,
			);
			path = Converter;
			sourceTree = "<group>";
		};
		CCF4123B1947383B00C5428B /* Supporting Files */ = {
			isa = PBXGroup;
			children = (
				CCF4123C1947383B00C5428B /* Info.plist */,
			);
			name = "Supporting Files";
			sourceTree = "<group>";
		};
/* End PBXGroup section */

/* Begin PBXNativeTarget section */
		CCF412121947383000C5428B /* Zawgyi */ = {
			isa = PBXNativeTarget;
			buildConfigurationList = CCF4122F1947383000C5428B /* Build configuration list for PBXNativeTarget "Zawgyi" */;
			buildPhases = (
				CCF4120F1947383000C5428B /* Sources */,
				CCF412101947383000C5428B /* Frameworks */,
				CCF412111947383000C5428B /* Resources */,
				CCF4124A1947383B00C5428B /* Embed App Extensions */,
			);
			buildRules = (
			);
			dependencies = (
				CCF412431947383B00C5428B /* PBXTargetDependency */,
				CCF412461947383B00C5428B /* PBXTargetDependency */,
			);
			name = Zawgyi;
			productName = Zawgyi;
			productReference = CCF412131947383000C5428B /* Zawgyi.app */;
			productType = "com.apple.product-type.application";
		};
		CCF412241947383000C5428B /* ZawgyiTests */ = {
			isa = PBXNativeTarget;
			buildConfigurationList = CCF412321947383000C5428B /* Build configuration list for PBXNativeTarget "ZawgyiTests" */;
			buildPhases = (
				CCF412211947383000C5428B /* Sources */,
				CCF412221947383000C5428B /* Frameworks */,
				CCF412231947383000C5428B /* Resources */,
			);
			buildRules = (
			);
			dependencies = (
				CCF412271947383000C5428B /* PBXTargetDependency */,
			);
			name = ZawgyiTests;
			productName = ZawgyiTests;
			productReference = CCF412251947383000C5428B /* ZawgyiTests.xctest */;
			productType = "com.apple.product-type.bundle.unit-test";
		};
		CCF412381947383B00C5428B /* Converter */ = {
			isa = PBXNativeTarget;
			buildConfigurationList = CCF412471947383B00C5428B /* Build configuration list for PBXNativeTarget "Converter" */;
			buildPhases = (
				CCF412351947383B00C5428B /* Sources */,
				CCF412361947383B00C5428B /* Frameworks */,
				CCF412371947383B00C5428B /* Resources */,
			);
			buildRules = (
			);
			dependencies = (
			);
			name = Converter;
			productName = Converter;
			productReference = CCF412391947383B00C5428B /* com.nex.Zawgyi.Converter.appex */;
			productType = "com.apple.product-type.app-extension";
		};
/* End PBXNativeTarget section */

/* Begin PBXProject section */
		CCF4120B1947382F00C5428B /* Project object */ = {
			isa = PBXProject;
			attributes = {
				LastUpgradeCheck = 0600;
				ORGANIZATIONNAME = "Nex Co., Ltd.";
				TargetAttributes = {
					CCF412121947383000C5428B = {
						CreatedOnToolsVersion = 6.0;
					};
					CCF412241947383000C5428B = {
						CreatedOnToolsVersion = 6.0;
						TestTargetID = CCF412121947383000C5428B;
					};
					CCF412381947383B00C5428B = {
						CreatedOnToolsVersion = 6.0;
					};
				};
			};
			buildConfigurationList = CCF4120E1947382F00C5428B /* Build configuration list for PBXProject "Zawgyi" */;
			compatibilityVersion = "Xcode 3.2";
			developmentRegion = English;
			hasScannedForEncodings = 0;
			knownRegions = (
				en,
				Base,
			);
			mainGroup = CCF4120A1947382F00C5428B;
			productRefGroup = CCF412141947383000C5428B /* Products */;
			projectDirPath = "";
			projectRoot = "";
			targets = (
				CCF412121947383000C5428B /* Zawgyi */,
				CCF412241947383000C5428B /* ZawgyiTests */,
				CCF412381947383B00C5428B /* Converter */,
			);
		};
/* End PBXProject section */

/* Begin PBXResourcesBuildPhase section */
		CCF412111947383000C5428B /* Resources */ = {
			isa = PBXResourcesBuildPhase;
			buildActionMask = 2147483647;
			files = (
				CCF4121E1947383000C5428B /* Main.storyboard in Resources */,
				CCF412201947383000C5428B /* Images.xcassets in Resources */,
			);
			runOnlyForDeploymentPostprocessing = 0;
		};
		CCF412231947383000C5428B /* Resources */ = {
			isa = PBXResourcesBuildPhase;
			buildActionMask = 2147483647;
			files = (
			);
			runOnlyForDeploymentPostprocessing = 0;
		};
		CCF412371947383B00C5428B /* Resources */ = {
			isa = PBXResourcesBuildPhase;
			buildActionMask = 2147483647;
			files = (
				CCF412411947383B00C5428B /* Action.js in Resources */,
			);
			runOnlyForDeploymentPostprocessing = 0;
		};
/* End PBXResourcesBuildPhase section */

/* Begin PBXSourcesBuildPhase section */
		CCF4120F1947383000C5428B /* Sources */ = {
			isa = PBXSourcesBuildPhase;
			buildActionMask = 2147483647;
			files = (
				CCF4121B1947383000C5428B /* ViewController.swift in Sources */,
				CCF412191947383000C5428B /* AppDelegate.swift in Sources */,
			);
			runOnlyForDeploymentPostprocessing = 0;
		};
		CCF412211947383000C5428B /* Sources */ = {
			isa = PBXSourcesBuildPhase;
			buildActionMask = 2147483647;
			files = (
				CCF4122C1947383000C5428B /* ZawgyiTests.swift in Sources */,
			);
			runOnlyForDeploymentPostprocessing = 0;
		};
		CCF412351947383B00C5428B /* Sources */ = {
			isa = PBXSourcesBuildPhase;
			buildActionMask = 2147483647;
			files = (
				CCF4123F1947383B00C5428B /* ActionRequestHandler.m in Sources */,
			);
			runOnlyForDeploymentPostprocessing = 0;
		};
/* End PBXSourcesBuildPhase section */

/* Begin PBXTargetDependency section */
		CCF412271947383000C5428B /* PBXTargetDependency */ = {
			isa = PBXTargetDependency;
			target = CCF412121947383000C5428B /* Zawgyi */;
			targetProxy = CCF412261947383000C5428B /* PBXContainerItemProxy */;
		};
		CCF412431947383B00C5428B /* PBXTargetDependency */ = {
			isa = PBXTargetDependency;
			target = CCF412381947383B00C5428B /* Converter */;
			targetProxy = CCF412421947383B00C5428B /* PBXContainerItemProxy */;
		};
		CCF412461947383B00C5428B /* PBXTargetDependency */ = {
			isa = PBXTargetDependency;
			target = CCF412381947383B00C5428B /* Converter */;
			targetProxy = CCF412451947383B00C5428B /* PBXContainerItemProxy */;
		};
/* End PBXTargetDependency section */

/* Begin PBXVariantGroup section */
		CCF4121C1947383000C5428B /* Main.storyboard */ = {
			isa = PBXVariantGroup;
			children = (
				CCF4121D1947383000C5428B /* Base */,
			);
			name = Main.storyboard;
			sourceTree = "<group>";
		};
/* End PBXVariantGroup section */

/* Begin XCBuildConfiguration section */
		CCF4122D1947383000C5428B /* Debug */ = {
			isa = XCBuildConfiguration;
			buildSettings = {
				ALWAYS_SEARCH_USER_PATHS = NO;
				CLANG_CXX_LANGUAGE_STANDARD = "gnu++0x";
				CLANG_CXX_LIBRARY = "libc++";
				CLANG_ENABLE_MODULES = YES;
				CLANG_ENABLE_OBJC_ARC = YES;
				CLANG_WARN_BOOL_CONVERSION = YES;
				CLANG_WARN_CONSTANT_CONVERSION = YES;
				CLANG_WARN_DIRECT_OBJC_ISA_USAGE = YES_ERROR;
				CLANG_WARN_EMPTY_BODY = YES;
				CLANG_WARN_ENUM_CONVERSION = YES;
				CLANG_WARN_INT_CONVERSION = YES;
				CLANG_WARN_OBJC_ROOT_CLASS = YES_ERROR;
				CLANG_WARN_UNREACHABLE_CODE = YES;
				CLANG_WARN__DUPLICATE_METHOD_MATCH = YES;
				"CODE_SIGN_IDENTITY[sdk=iphoneos*]" = "iPhone Developer";
				COPY_PHASE_STRIP = NO;
				ENABLE_STRICT_OBJC_MSGSEND = YES;
				GCC_C_LANGUAGE_STANDARD = gnu99;
				GCC_DYNAMIC_NO_PIC = NO;
				GCC_OPTIMIZATION_LEVEL = 0;
				GCC_PREPROCESSOR_DEFINITIONS = (
					"DEBUG=1",
					"$(inherited)",
				);
				GCC_SYMBOLS_PRIVATE_EXTERN = NO;
				GCC_WARN_64_TO_32_BIT_CONVERSION = YES;
				GCC_WARN_ABOUT_RETURN_TYPE = YES_ERROR;
				GCC_WARN_UNDECLARED_SELECTOR = YES;
				GCC_WARN_UNINITIALIZED_AUTOS = YES_AGGRESSIVE;
				GCC_WARN_UNUSED_FUNCTION = YES;
				GCC_WARN_UNUSED_VARIABLE = YES;
				IPHONEOS_DEPLOYMENT_TARGET = 8.0;
				METAL_ENABLE_DEBUG_INFO = YES;
				ONLY_ACTIVE_ARCH = YES;
				SDKROOT = iphoneos;
				SWIFT_OPTIMIZATION_LEVEL = "-Onone";
				TARGETED_DEVICE_FAMILY = "1,2";
			};
			name = Debug;
		};
		CCF4122E1947383000C5428B /* Release */ = {
			isa = XCBuildConfiguration;
			buildSettings = {
				ALWAYS_SEARCH_USER_PATHS = NO;
				CLANG_CXX_LANGUAGE_STANDARD = "gnu++0x";
				CLANG_CXX_LIBRARY = "libc++";
				CLANG_ENABLE_MODULES = YES;
				CLANG_ENABLE_OBJC_ARC = YES;
				CLANG_WARN_BOOL_CONVERSION = YES;
				CLANG_WARN_CONSTANT_CONVERSION = YES;
				CLANG_WARN_DIRECT_OBJC_ISA_USAGE = YES_ERROR;
				CLANG_WARN_EMPTY_BODY = YES;
				CLANG_WARN_ENUM_CONVERSION = YES;
				CLANG_WARN_INT_CONVERSION = YES;
				CLANG_WARN_OBJC_ROOT_CLASS = YES_ERROR;
				CLANG_WARN_UNREACHABLE_CODE = YES;
				CLANG_WARN__DUPLICATE_METHOD_MATCH = YES;
				"CODE_SIGN_IDENTITY[sdk=iphoneos*]" = "iPhone Developer";
				COPY_PHASE_STRIP = YES;
				ENABLE_NS_ASSERTIONS = NO;
				ENABLE_STRICT_OBJC_MSGSEND = YES;
				GCC_C_LANGUAGE_STANDARD = gnu99;
				GCC_WARN_64_TO_32_BIT_CONVERSION = YES;
				GCC_WARN_ABOUT_RETURN_TYPE = YES_ERROR;
				GCC_WARN_UNDECLARED_SELECTOR = YES;
				GCC_WARN_UNINITIALIZED_AUTOS = YES_AGGRESSIVE;
				GCC_WARN_UNUSED_FUNCTION = YES;
				GCC_WARN_UNUSED_VARIABLE = YES;
				IPHONEOS_DEPLOYMENT_TARGET = 8.0;
				METAL_ENABLE_DEBUG_INFO = NO;
				SDKROOT = iphoneos;
				TARGETED_DEVICE_FAMILY = "1,2";
				VALIDATE_PRODUCT = YES;
			};
			name = Release;
		};
		CCF412301947383000C5428B /* Debug */ = {
			isa = XCBuildConfiguration;
			buildSettings = {
				ASSETCATALOG_COMPILER_APPICON_NAME = AppIcon;
				ASSETCATALOG_COMPILER_LAUNCHIMAGE_NAME = LaunchImage;
				INFOPLIST_FILE = Zawgyi/Info.plist;
				LD_RUNPATH_SEARCH_PATHS = "$(inherited) @executable_path/Frameworks";
				PRODUCT_NAME = "$(TARGET_NAME)";
			};
			name = Debug;
		};
		CCF412311947383000C5428B /* Release */ = {
			isa = XCBuildConfiguration;
			buildSettings = {
				ASSETCATALOG_COMPILER_APPICON_NAME = AppIcon;
				ASSETCATALOG_COMPILER_LAUNCHIMAGE_NAME = LaunchImage;
				INFOPLIST_FILE = Zawgyi/Info.plist;
				LD_RUNPATH_SEARCH_PATHS = "$(inherited) @executable_path/Frameworks";
				PRODUCT_NAME = "$(TARGET_NAME)";
			};
			name = Release;
		};
		CCF412331947383000C5428B /* Debug */ = {
			isa = XCBuildConfiguration;
			buildSettings = {
				BUNDLE_LOADER = "$(BUILT_PRODUCTS_DIR)/Zawgyi.app/Zawgyi";
				FRAMEWORK_SEARCH_PATHS = (
					"$(SDKROOT)/Developer/Library/Frameworks",
					"$(inherited)",
				);
				GCC_PREPROCESSOR_DEFINITIONS = (
					"DEBUG=1",
					"$(inherited)",
				);
				INFOPLIST_FILE = ZawgyiTests/Info.plist;
				LD_RUNPATH_SEARCH_PATHS = "$(inherited) @executable_path/Frameworks @loader_path/Frameworks";
				METAL_ENABLE_DEBUG_INFO = YES;
				PRODUCT_NAME = "$(TARGET_NAME)";
				TEST_HOST = "$(BUNDLE_LOADER)";
			};
			name = Debug;
		};
		CCF412341947383000C5428B /* Release */ = {
			isa = XCBuildConfiguration;
			buildSettings = {
				BUNDLE_LOADER = "$(BUILT_PRODUCTS_DIR)/Zawgyi.app/Zawgyi";
				FRAMEWORK_SEARCH_PATHS = (
					"$(SDKROOT)/Developer/Library/Frameworks",
					"$(inherited)",
				);
				INFOPLIST_FILE = ZawgyiTests/Info.plist;
				LD_RUNPATH_SEARCH_PATHS = "$(inherited) @executable_path/Frameworks @loader_path/Frameworks";
				METAL_ENABLE_DEBUG_INFO = NO;
				PRODUCT_NAME = "$(TARGET_NAME)";
				TEST_HOST = "$(BUNDLE_LOADER)";
			};
			name = Release;
		};
		CCF412481947383B00C5428B /* Debug */ = {
			isa = XCBuildConfiguration;
			buildSettings = {
				ASSETCATALOG_COMPILER_APPICON_NAME = AppIcon;
				GCC_PREPROCESSOR_DEFINITIONS = (
					"DEBUG=1",
					"$(inherited)",
				);
				INFOPLIST_FILE = Converter/Info.plist;
				LD_RUNPATH_SEARCH_PATHS = "$(inherited) @executable_path/Frameworks @executable_path/../../Frameworks";
				METAL_ENABLE_DEBUG_INFO = YES;
				PRODUCT_NAME = "com.nex.Zawgyi.$(TARGET_NAME:rfc1034identifier)";
				SKIP_INSTALL = YES;
			};
			name = Debug;
		};
		CCF412491947383B00C5428B /* Release */ = {
			isa = XCBuildConfiguration;
			buildSettings = {
				ASSETCATALOG_COMPILER_APPICON_NAME = AppIcon;
				INFOPLIST_FILE = Converter/Info.plist;
				LD_RUNPATH_SEARCH_PATHS = "$(inherited) @executable_path/Frameworks @executable_path/../../Frameworks";
				METAL_ENABLE_DEBUG_INFO = NO;
				PRODUCT_NAME = "com.nex.Zawgyi.$(TARGET_NAME:rfc1034identifier)";
				SKIP_INSTALL = YES;
			};
			name = Release;
		};
/* End XCBuildConfiguration section */

/* Begin XCConfigurationList section */
		CCF4120E1947382F00C5428B /* Build configuration list for PBXProject "Zawgyi" */ = {
			isa = XCConfigurationList;
			buildConfigurations = (
				CCF4122D1947383000C5428B /* Debug */,
				CCF4122E1947383000C5428B /* Release */,
			);
			defaultConfigurationIsVisible = 0;
			defaultConfigurationName = Release;
		};
		CCF4122F1947383000C5428B /* Build configuration list for PBXNativeTarget "Zawgyi" */ = {
			isa = XCConfigurationList;
			buildConfigurations = (
				CCF412301947383000C5428B /* Debug */,
				CCF412311947383000C5428B /* Release */,
			);
			defaultConfigurationIsVisible = 0;
			defaultConfigurationName = Release;
		};
		CCF412321947383000C5428B /* Build configuration list for PBXNativeTarget "ZawgyiTests" */ = {
			isa = XCConfigurationList;
			buildConfigurations = (
				CCF412331947383000C5428B /* Debug */,
				CCF412341947383000C5428B /* Release */,
			);
			defaultConfigurationIsVisible = 0;
			defaultConfigurationName = Release;
		};
		CCF412471947383B00C5428B /* Build configuration list for PBXNativeTarget "Converter" */ = {
			isa = XCConfigurationList;
			buildConfigurations = (
				CCF412481947383B00C5428B /* Debug */,
				CCF412491947383B00C5428B /* Release */,
			);
			defaultConfigurationIsVisible = 0;
			defaultConfigurationName = Release;
		};
/* End XCConfigurationList section */
	};
	rootObject = CCF4120B1947382F00C5428B /* Project object */;
}
